
Microsoft Visual Studio Solution File, Format Version 12.00
# Visual Studio Version 16
VisualStudioVersion = 16.0.30503.244
MinimumVisualStudioVersion = 10.0.40219.1
Project("{FAE04EC0-301F-11D3-BF4B-00C04F79EFBC}") = "Veeb", "Veeb\Veeb\Veeb.csproj", "{FD95BE92-53A0-4D3E-9EE0-93F11278BDC5}"
EndProject
Project("{FAE04EC0-301F-11D3-BF4B-00C04F79EFBC}") = "Veeb.Android", "Veeb\Veeb.Android\Veeb.Android.csproj", "{A9C39886-9892-4140-9AE2-C4D3D6B8C6F4}"
EndProject
Project("{FAE04EC0-301F-11D3-BF4B-00C04F79EFBC}") = "Veeb.iOS", "Veeb\Veeb.iOS\Veeb.iOS.csproj", "{7148A0E5-3004-49C6-AE95-D5EF81B487F4}"
EndProject
Global
	GlobalSection(SolutionConfigurationPlatforms) = preSolution
		Ad-Hoc|Any CPU = Ad-Hoc|Any CPU
		Ad-Hoc|iPhone = Ad-Hoc|iPhone
		Ad-Hoc|iPhoneSimulator = Ad-Hoc|iPhoneSimulator
		AppStore|Any CPU = AppStore|Any CPU
		AppStore|iPhone = AppStore|iPhone
		AppStore|iPhoneSimulator = AppStore|iPhoneSimulator
		Debug|Any CPU = Debug|Any CPU
		Debug|iPhone = Debug|iPhone
		Debug|iPhoneSimulator = Debug|iPhoneSimulator
		Release|Any CPU = Release|Any CPU
		Release|iPhone = Release|iPhone
		Release|iPhoneSimulator = Release|iPhoneSimulator
	EndGlobalSection
	GlobalSection(ProjectConfigurationPlatforms) = postSolution
		{FD95BE92-53A0-4D3E-9EE0-93F11278BDC5}.Ad-Hoc|Any CPU.ActiveCfg = Release|Any CPU
		{FD95BE92-53A0-4D3E-9EE0-93F11278BDC5}.Ad-Hoc|Any CPU.Build.0 = Release|Any CPU
		{FD95BE92-53A0-4D3E-9EE0-93F11278BDC5}.Ad-Hoc|iPhone.ActiveCfg = Release|Any CPU
		{FD95BE92-53A0-4D3E-9EE0-93F11278BDC5}.Ad-Hoc|iPhone.Build.0 = Release|Any CPU
		{FD95BE92-53A0-4D3E-9EE0-93F11278BDC5}.Ad-Hoc|iPhoneSimulator.ActiveCfg = Release|Any CPU
		{FD95BE92-53A0-4D3E-9EE0-93F11278BDC5}.Ad-Hoc|iPhoneSimulator.Build.0 = Release|Any CPU
		{FD95BE92-53A0-4D3E-9EE0-93F11278BDC5}.AppStore|Any CPU.ActiveCfg = Release|Any CPU
		{FD95BE92-53A0-4D3E-9EE0-93F11278BDC5}.AppStore|Any CPU.Build.0 = Release|Any CPU
		{FD95BE92-53A0-4D3E-9EE0-93F11278BDC5}.AppStore|iPhone.ActiveCfg = Release|Any CPU
		{FD95BE92-53A0-4D3E-9EE0-93F11278BDC5}.AppStore|iPhone.Build.0 = Release|Any CPU
		{FD95BE92-53A0-4D3E-9EE0-93F11278BDC5}.AppStore|iPhoneSimulator.ActiveCfg = Release|Any CPU
		{FD95BE92-53A0-4D3E-9EE0-93F11278BDC5}.AppStore|iPhoneSimulator.Build.0 = Release|Any CPU
		{FD95BE92-53A0-4D3E-9EE0-93F11278BDC5}.Debug|Any CPU.ActiveCfg = Debug|Any CPU
		{FD95BE92-53A0-4D3E-9EE0-93F11278BDC5}.Debug|Any CPU.Build.0 = Debug|Any CPU
		{FD95BE92-53A0-4D3E-9EE0-93F11278BDC5}.Debug|iPhone.ActiveCfg = Debug|Any CPU
		{FD95BE92-53A0-4D3E-9EE0-93F11278BDC5}.Debug|iPhone.Build.0 = Debug|Any CPU
		{FD95BE92-53A0-4D3E-9EE0-93F11278BDC5}.Debug|iPhoneSimulator.ActiveCfg = Debug|Any CPU
		{FD95BE92-53A0-4D3E-9EE0-93F11278BDC5}.Debug|iPhoneSimulator.Build.0 = Debug|Any CPU
		{FD95BE92-53A0-4D3E-9EE0-93F11278BDC5}.Release|Any CPU.ActiveCfg = Release|Any CPU
		{FD95BE92-53A0-4D3E-9EE0-93F11278BDC5}.Release|Any CPU.Build.0 = Release|Any CPU
		{FD95BE92-53A0-4D3E-9EE0-93F11278BDC5}.Release|iPhone.ActiveCfg = Release|Any CPU
		{FD95BE92-53A0-4D3E-9EE0-93F11278BDC5}.Release|iPhone.Build.0 = Release|Any CPU
		{FD95BE92-53A0-4D3E-9EE0-93F11278BDC5}.Release|iPhoneSimulator.ActiveCfg = Release|Any CPU
		{FD95BE92-53A0-4D3E-9EE0-93F11278BDC5}.Release|iPhoneSimulator.Build.0 = Release|Any CPU
		{A9C39886-9892-4140-9AE2-C4D3D6B8C6F4}.Ad-Hoc|Any CPU.ActiveCfg = Debug|Any CPU
		{A9C39886-9892-4140-9AE2-C4D3D6B8C6F4}.Ad-Hoc|Any CPU.Build.0 = Debug|Any CPU
		{A9C39886-9892-4140-9AE2-C4D3D6B8C6F4}.Ad-Hoc|Any CPU.Deploy.0 = Debug|Any CPU
		{A9C39886-9892-4140-9AE2-C4D3D6B8C6F4}.Ad-Hoc|iPhone.ActiveCfg = Debug|Any CPU
		{A9C39886-9892-4140-9AE2-C4D3D6B8C6F4}.Ad-Hoc|iPhone.Build.0 = Debug|Any CPU
		{A9C39886-9892-4140-9AE2-C4D3D6B8C6F4}.Ad-Hoc|iPhone.Deploy.0 = Debug|Any CPU
		{A9C39886-9892-4140-9AE2-C4D3D6B8C6F4}.Ad-Hoc|iPhoneSimulator.ActiveCfg = Debug|Any CPU
		{A9C39886-9892-4140-9AE2-C4D3D6B8C6F4}.Ad-Hoc|iPhoneSimulator.Build.0 = Debug|Any CPU
		{A9C39886-9892-4140-9AE2-C4D3D6B8C6F4}.Ad-Hoc|iPhoneSimulator.Deploy.0 = Debug|Any CPU
		{A9C39886-9892-4140-9AE2-C4D3D6B8C6F4}.AppStore|Any CPU.ActiveCfg = Debug|Any CPU
		{A9C39886-9892-4140-9AE2-C4D3D6B8C6F4}.AppStore|Any CPU.Build.0 = Debug|Any CPU
		{A9C39886-9892-4140-9AE2-C4D3D6B8C6F4}.AppStore|Any CPU.Deploy.0 = Debug|Any CPU
		{A9C39886-9892-4140-9AE2-C4D3D6B8C6F4}.AppStore|iPhone.ActiveCfg = Debug|Any CPU
		{A9C39886-9892-4140-9AE2-C4D3D6B8C6F4}.AppStore|iPhone.Build.0 = Debug|Any CPU
		{A9C39886-9892-4140-9AE2-C4D3D6B8C6F4}.AppStore|iPhone.Deploy.0 = Debug|Any CPU
		{A9C39886-9892-4140-9AE2-C4D3D6B8C6F4}.AppStore|iPhoneSimulator.ActiveCfg = Debug|Any CPU
		{A9C39886-9892-4140-9AE2-C4D3D6B8C6F4}.AppStore|iPhoneSimulator.Build.0 = Debug|Any CPU
		{A9C39886-9892-4140-9AE2-C4D3D6B8C6F4}.AppStore|iPhoneSimulator.Deploy.0 = Debug|Any CPU
		{A9C39886-9892-4140-9AE2-C4D3D6B8C6F4}.Debug|Any CPU.ActiveCfg = Debug|Any CPU
		{A9C39886-9892-4140-9AE2-C4D3D6B8C6F4}.Debug|Any CPU.Build.0 = Debug|Any CPU
		{A9C39886-9892-4140-9AE2-C4D3D6B8C6F4}.Debug|Any CPU.Deploy.0 = Debug|Any CPU
		{A9C39886-9892-4140-9AE2-C4D3D6B8C6F4}.Debug|iPhone.ActiveCfg = Debug|Any CPU
		{A9C39886-9892-4140-9AE2-C4D3D6B8C6F4}.Debug|iPhone.Build.0 = Debug|Any CPU
		{A9C39886-9892-4140-9AE2-C4D3D6B8C6F4}.Debug|iPhone.Deploy.0 = Debug|Any CPU
		{A9C39886-9892-4140-9AE2-C4D3D6B8C6F4}.Debug|iPhoneSimulator.ActiveCfg = Debug|Any CPU
		{A9C39886-9892-4140-9AE2-C4D3D6B8C6F4}.Debug|iPhoneSimulator.Build.0 = Debug|Any CPU
		{A9C39886-9892-4140-9AE2-C4D3D6B8C6F4}.Debug|iPhoneSimulator.Deploy.0 = Debug|Any CPU
		{A9C39886-9892-4140-9AE2-C4D3D6B8C6F4}.Release|Any CPU.ActiveCfg = Release|Any CPU
		{A9C39886-9892-4140-9AE2-C4D3D6B8C6F4}.Release|Any CPU.Build.0 = Release|Any CPU
		{A9C39886-9892-4140-9AE2-C4D3D6B8C6F4}.Release|Any CPU.Deploy.0 = Release|Any CPU
		{A9C39886-9892-4140-9AE2-C4D3D6B8C6F4}.Release|iPhone.ActiveCfg = Release|Any CPU
		{A9C39886-9892-4140-9AE2-C4D3D6B8C6F4}.Release|iPhone.Build.0 = Release|Any CPU
		{A9C39886-9892-4140-9AE2-C4D3D6B8C6F4}.Release|iPhone.Deploy.0 = Release|Any CPU
		{A9C39886-9892-4140-9AE2-C4D3D6B8C6F4}.Release|iPhoneSimulator.ActiveCfg = Release|Any CPU
		{A9C39886-9892-4140-9AE2-C4D3D6B8C6F4}.Release|iPhoneSimulator.Build.0 = Release|Any CPU
		{A9C39886-9892-4140-9AE2-C4D3D6B8C6F4}.Release|iPhoneSimulator.Deploy.0 = Release|Any CPU
		{7148A0E5-3004-49C6-AE95-D5EF81B487F4}.Ad-Hoc|Any CPU.ActiveCfg = Ad-Hoc|iPhoneSimulator
		{7148A0E5-3004-49C6-AE95-D5EF81B487F4}.Ad-Hoc|iPhone.ActiveCfg = Ad-Hoc|iPhone
		{7148A0E5-3004-49C6-AE95-D5EF81B487F4}.Ad-Hoc|iPhone.Build.0 = Ad-Hoc|iPhone
		{7148A0E5-3004-49C6-AE95-D5EF81B487F4}.Ad-Hoc|iPhoneSimulator.ActiveCfg = Ad-Hoc|iPhoneSimulator
		{7148A0E5-3004-49C6-AE95-D5EF81B487F4}.Ad-Hoc|iPhoneSimulator.Build.0 = Ad-Hoc|iPhoneSimulator
		{7148A0E5-3004-49C6-AE95-D5EF81B487F4}.AppStore|Any CPU.ActiveCfg = AppStore|iPhoneSimulator
		{7148A0E5-3004-49C6-AE95-D5EF81B487F4}.AppStore|iPhone.ActiveCfg = AppStore|iPhone
		{7148A0E5-3004-49C6-AE95-D5EF81B487F4}.AppStore|iPhone.Build.0 = AppStore|iPhone
		{7148A0E5-3004-49C6-AE95-D5EF81B487F4}.AppStore|iPhoneSimulator.ActiveCfg = AppStore|iPhoneSimulator
		{7148A0E5-3004-49C6-AE95-D5EF81B487F4}.AppStore|iPhoneSimulator.Build.0 = AppStore|iPhoneSimulator
		{7148A0E5-3004-49C6-AE95-D5EF81B487F4}.Debug|Any CPU.ActiveCfg = Debug|iPhoneSimulator
		{7148A0E5-3004-49C6-AE95-D5EF81B487F4}.Debug|iPhone.ActiveCfg = Debug|iPhone
		{7148A0E5-3004-49C6-AE95-D5EF81B487F4}.Debug|iPhone.Build.0 = Debug|iPhone
		{7148A0E5-3004-49C6-AE95-D5EF81B487F4}.Debug|iPhoneSimulator.ActiveCfg = Debug|iPhoneSimulator
		{7148A0E5-3004-49C6-AE95-D5EF81B487F4}.Debug|iPhoneSimulator.Build.0 = Debug|iPhoneSimulator
		{7148A0E5-3004-49C6-AE95-D5EF81B487F4}.Release|Any CPU.ActiveCfg = Release|iPhoneSimulator
		{7148A0E5-3004-49C6-AE95-D5EF81B487F4}.Release|iPhone.ActiveCfg = Release|iPhone
		{7148A0E5-3004-49C6-AE95-D5EF81B487F4}.Release|iPhone.Build.0 = Release|iPhone
		{7148A0E5-3004-49C6-AE95-D5EF81B487F4}.Release|iPhoneSimulator.ActiveCfg = Release|iPhoneSimulator
		{7148A0E5-3004-49C6-AE95-D5EF81B487F4}.Release|iPhoneSimulator.Build.0 = Release|iPhoneSimulator
	EndGlobalSection
	GlobalSection(SolutionProperties) = preSolution
		HideSolutionNode = FALSE
	EndGlobalSection
	GlobalSection(ExtensibilityGlobals) = postSolution
		SolutionGuid = {B4945B60-A0B3-407E-95A3-4889FC54A55E}
	EndGlobalSection
EndGlobal
